{
  "name": "webbci",
  "version": "1.0.0",
  "lockfileVersion": 1,
  "requires": true,
  "dependencies": {
    "binpack": {
      "version": "0.1.0",
      "resolved": "https://registry.npmjs.org/binpack/-/binpack-0.1.0.tgz",
      "integrity": "sha1-vT0JdMPyoERuF99PYLVacqIFqX4="
    },
    "complex.js": {
      "version": "2.0.4",
      "resolved": "https://registry.npmjs.org/complex.js/-/complex.js-2.0.4.tgz",
      "integrity": "sha512-Syl95HpxUTS0QjwNxencZsKukgh1zdS9uXeXX2Us0pHaqBR6kiZZi0AkZ9VpZFwHJyVIUVzI4EumjWdXP3fy6w=="
    },
    "decimal.js": {
      "version": "7.2.3",
      "resolved": "https://registry.npmjs.org/decimal.js/-/decimal.js-7.2.3.tgz",
      "integrity": "sha512-AoFI37QS0S87Ft0r3Bdz4q9xSpm1Paa9lSeKLXgMPk/u/+QPIM5Gy4DHcZQS1seqPJH4gHLauPGn347z0HbsrA=="
    },
    "fft.js": {
      "version": "4.0.3",
      "resolved": "https://registry.npmjs.org/fft.js/-/fft.js-4.0.3.tgz",
      "integrity": "sha1-sAhO+pQYj+vdHP/mhpH0yFoPuMs="
    },
    "fraction.js": {
      "version": "4.0.2",
      "resolved": "https://registry.npmjs.org/fraction.js/-/fraction.js-4.0.2.tgz",
      "integrity": "sha512-OswcigOSil3vYXgrPSx4NCaSyPikXqVNYN/4CyhS0ucVOJ4GVYr6KQQLLcAudvS/4bBOzxqJ3XIsFaaMjl98ZQ=="
    },
    "javascript-natural-sort": {
      "version": "0.7.1",
      "resolved": "https://registry.npmjs.org/javascript-natural-sort/-/javascript-natural-sort-0.7.1.tgz",
      "integrity": "sha1-+eIwPUUH9tdDVac2ZNFED7Wg71k="
    },
    "jspack": {
      "version": "0.0.4",
      "resolved": "https://registry.npmjs.org/jspack/-/jspack-0.0.4.tgz",
      "integrity": "sha1-Mt01x/3LPjRWwY+7fvntC8YjgXc="
    },
    "mathjs": {
      "version": "3.16.3",
      "resolved": "https://registry.npmjs.org/mathjs/-/mathjs-3.16.3.tgz",
      "integrity": "sha512-lb7Q0+4RCFdAJk/+01nDpRuQfoPm2EXmAy9LSa8nXzAQjeTqeLELdsQsRlMBDvJ53KXC7IOTHdhBOwZd7Q6FjQ==",
      "requires": {
        "complex.js": "2.0.4",
        "decimal.js": "7.2.3",
        "fraction.js": "4.0.2",
        "javascript-natural-sort": "0.7.1",
        "seed-random": "2.2.0",
        "tiny-emitter": "2.0.0",
        "typed-function": "0.10.5"
      }
    },
    "node-osc": {
      "version": "2.1.0",
      "resolved": "https://registry.npmjs.org/node-osc/-/node-osc-2.1.0.tgz",
      "integrity": "sha1-23FPmM+aXIQ17pnceAZSi3gjoZA=",
      "requires": {
        "jspack": "0.0.4",
        "osc-min": "1.1.1",
        "semver": "5.4.1"
      }
    },
    "numeric": {
      "version": "1.2.6",
      "resolved": "https://registry.npmjs.org/numeric/-/numeric-1.2.6.tgz",
      "integrity": "sha1-dlsCvvl5iPz4gNTrPza4D6MTNao="
    },
    "osc-min": {
      "version": "1.1.1",
      "resolved": "https://registry.npmjs.org/osc-min/-/osc-min-1.1.1.tgz",
      "integrity": "sha1-hYBEOjq7AvcyVPWihjQNy+PPPwc=",
      "requires": {
        "binpack": "0.1.0"
      }
    },
    "pierce": {
      "version": "1.0.1",
      "resolved": "https://registry.npmjs.org/pierce/-/pierce-1.0.1.tgz",
      "integrity": "sha512-ImFdAxRs2Yt7ZTPKyKaV61JzkJg19JoybfPRQ47iEBLXOnpbP7i3mdxs2SDLC1sS2vjrT9VbYCeXWCADY+3WvA==",
      "requires": {
        "pw-csp": "1.0.0",
        "pw-lda": "1.0.0",
        "pw-stat": "1.0.0"
      }
    },
    "pw-csp": {
      "version": "1.0.0",
      "resolved": "https://registry.npmjs.org/pw-csp/-/pw-csp-1.0.0.tgz",
      "integrity": "sha512-fpTJiVGkKV42FpJzyukn+0xZTWebUo8eWdgoWrBED96ptcpMvOZ6/Um9rBe/FRHmpo+ME7wLrnL/G2ttXIcACg==",
      "requires": {
        "mathjs": "3.16.5",
        "numeric": "1.2.6",
        "pw-stat": "1.0.0"
      },
      "dependencies": {
        "mathjs": {
          "version": "3.16.5",
          "resolved": "https://registry.npmjs.org/mathjs/-/mathjs-3.16.5.tgz",
          "integrity": "sha1-11pSZUNdKCSwZ7N6R4dx3uv2qsw=",
          "requires": {
            "complex.js": "2.0.4",
            "decimal.js": "7.2.3",
            "fraction.js": "4.0.2",
            "javascript-natural-sort": "0.7.1",
            "seed-random": "2.2.0",
            "tiny-emitter": "2.0.0",
            "typed-function": "0.10.5"
          }
        }
      }
    },
    "pw-lda": {
      "version": "1.0.0",
      "resolved": "https://registry.npmjs.org/pw-lda/-/pw-lda-1.0.0.tgz",
      "integrity": "sha512-HAfxb93pSekZllprXwZx+vqfkdnH7gjxKs/SiZUoUalZksss1/v/IeIoULPGw40zx4vdg1w6Q5hJbM53m1cR9w==",
      "requires": {
        "mathjs": "3.16.5",
        "pw-stat": "1.0.0"
      },
      "dependencies": {
        "mathjs": {
          "version": "3.16.5",
          "resolved": "https://registry.npmjs.org/mathjs/-/mathjs-3.16.5.tgz",
          "integrity": "sha1-11pSZUNdKCSwZ7N6R4dx3uv2qsw=",
          "requires": {
            "complex.js": "2.0.4",
            "decimal.js": "7.2.3",
            "fraction.js": "4.0.2",
            "javascript-natural-sort": "0.7.1",
            "seed-random": "2.2.0",
            "tiny-emitter": "2.0.0",
            "typed-function": "0.10.5"
          }
        }
      }
    },
    "pw-stat": {
      "version": "1.0.0",
      "resolved": "https://registry.npmjs.org/pw-stat/-/pw-stat-1.0.0.tgz",
      "integrity": "sha512-jD5X+UONB0HVPXYmUaePq9KVmk9Ses+OuiG+hvfUGDMXLlfFqPakcrAWKkS2jMna5uZvQ7jWvcfN8ofhLXgB9g=="
    },
    "seed-random": {
      "version": "2.2.0",
      "resolved": "https://registry.npmjs.org/seed-random/-/seed-random-2.2.0.tgz",
      "integrity": "sha1-KpsZ4lCoFwmSMaW5mk2vgLf77VQ="
    },
    "semver": {
      "version": "5.4.1",
      "resolved": "https://registry.npmjs.org/semver/-/semver-5.4.1.tgz",
      "integrity": "sha512-WfG/X9+oATh81XtllIo/I8gOiY9EXRdv1cQdyykeXK17YcUW3EXUAi2To4pcH6nZtJPr7ZOpM5OMyWJZm+8Rsg=="
    },
    "tiny-emitter": {
      "version": "2.0.0",
      "resolved": "https://registry.npmjs.org/tiny-emitter/-/tiny-emitter-2.0.0.tgz",
      "integrity": "sha1-utMnrbGAS0KiMa+nQVMr2ITNCa0="
    },
    "typed-function": {
      "version": "0.10.5",
      "resolved": "https://registry.npmjs.org/typed-function/-/typed-function-0.10.5.tgz",
      "integrity": "sha1-Lg8Yq9BlIZ+raUpEamXG0ZgYMsA="
    }
  }
}
